{
  "nodes": {
    "hix": {
      "inputs": {
        "nixpkgs": "nixpkgs"
      },
      "locked": {
        "lastModified": 1777293641,
        "narHash": "sha256-xht1kRRnFOslSiDPgahg0AuXjL84bZINYrXCcVaZjtI=",
        "ref": "refs/heads/main",
        "rev": "b79cf30e9275ade0b0303fce3dbb772bb1cb59b0",
        "revCount": 1130,
        "type": "git",
        "url": "https://git.tryp.io/tek/hix"
      },
      "original": {
        "type": "git",
        "url": "https://git.tryp.io/tek/hix"
      }
    },
    "nixpkgs": {
      "locked": {
        "lastModified": 1777578337,
        "narHash": "sha256-Ad49moKWeXtKBJNy2ebiTQUEgdLyvGmTeykAQ9xM+Z4=",
        "owner": "nixos",
        "repo": "nixpkgs",
        "rev": "15f4ee454b1dce334612fa6843b3e05cf546efab",
        "type": "github"
      },
      "original": {
        "owner": "nixos",
        "repo": "nixpkgs",
        "rev": "15f4ee454b1dce334612fa6843b3e05cf546efab",
        "type": "github"
      }
    },
    "root": {
      "inputs": {
        "hix": "hix"
      }
    }
  },
  "root": "root",
  "version": 7
}
