{
  "nodes": {
    "hix": {
      "inputs": {
        "nixpkgs": "nixpkgs"
      },
      "locked": {
        "lastModified": 1777821701,
        "narHash": "sha256-E1QMB07cocDy8wJILLj+x3tcHtTfttY9ZmGO3/3VaQg=",
        "ref": "refs/heads/main",
        "rev": "ed05c1167c38e3854ccefce170c48c614c039b14",
        "revCount": 1136,
        "type": "git",
        "url": "https://git.tryp.io/tek/hix"
      },
      "original": {
        "type": "git",
        "url": "https://git.tryp.io/tek/hix"
      }
    },
    "nixpkgs": {
      "locked": {
        "lastModified": 1777578337,
        "narHash": "sha256-Ad49moKWeXtKBJNy2ebiTQUEgdLyvGmTeykAQ9xM+Z4=",
        "owner": "nixos",
        "repo": "nixpkgs",
        "rev": "15f4ee454b1dce334612fa6843b3e05cf546efab",
        "type": "github"
      },
      "original": {
        "owner": "nixos",
        "repo": "nixpkgs",
        "rev": "15f4ee454b1dce334612fa6843b3e05cf546efab",
        "type": "github"
      }
    },
    "root": {
      "inputs": {
        "hix": "hix"
      }
    }
  },
  "root": "root",
  "version": 7
}
