{
  "nodes": {
    "hix": {
      "inputs": {
        "nixpkgs": "nixpkgs"
      },
      "locked": {
        "lastModified": 1716304498,
        "narHash": "sha256-WbTmKedm0tqm+ljG9/37JBmjPc+3BJIrS8ajZSCD3GA=",
        "ref": "refs/heads/main",
        "rev": "9a3db62b990713059643b5056bc3f2ec8c18cccb",
        "revCount": 739,
        "type": "git",
        "url": "https://git.tryp.io/tek/hix"
      },
      "original": {
        "type": "git",
        "url": "https://git.tryp.io/tek/hix"
      }
    },
    "nixpkgs": {
      "locked": {
        "lastModified": 1713964598,
        "narHash": "sha256-p+CXCrOuWFVBpjaknbpenkxdYt097mOI4VBMqlHv46E=",
        "owner": "nixos",
        "repo": "nixpkgs",
        "rev": "4f6ebb60e63f3ccd1024eb2f31e653d2fe03fa66",
        "type": "github"
      },
      "original": {
        "owner": "nixos",
        "repo": "nixpkgs",
        "rev": "4f6ebb60e63f3ccd1024eb2f31e653d2fe03fa66",
        "type": "github"
      }
    },
    "root": {
      "inputs": {
        "hix": "hix"
      }
    }
  },
  "root": "root",
  "version": 7
}
